%{"bcrypt_elixir": {:hex, :bcrypt_elixir, "1.0.4", "7598efbe9bd56fdc04412b4377a6a3add0bcf8e0cf1f31684190425a404f14e2", [:make, :mix], [{:elixir_make, "~> 0.4", [hex: :elixir_make, repo: "hexpm", optional: false]}], "hexpm"},
  "elixir_make": {:hex, :elixir_make, "0.4.0", "992f38fabe705bb45821a728f20914c554b276838433349d4f2341f7a687cddf", [], [], "hexpm"}}
